
Microsoft Visual Studio Solution File, Format Version 12.00
# Visual Studio Version 16
VisualStudioVersion = 16.0.31729.503
MinimumVisualStudioVersion = 10.0.40219.1
Project("{FAE04EC0-301F-11D3-BF4B-00C04F79EFBC}") = "Movie_catalog_react", "Movie_catalog_react\Movie_catalog_react.csproj", "{867FDE4F-2273-4B2E-8EBD-D0EDC9411804}"
EndProject
Global
	GlobalSection(SolutionConfigurationPlatforms) = preSolution
		Debug|Any CPU = Debug|Any CPU
		Release|Any CPU = Release|Any CPU
	EndGlobalSection
	GlobalSection(ProjectConfigurationPlatforms) = postSolution
		{867FDE4F-2273-4B2E-8EBD-D0EDC9411804}.Debug|Any CPU.ActiveCfg = Debug|Any CPU
		{867FDE4F-2273-4B2E-8EBD-D0EDC9411804}.Debug|Any CPU.Build.0 = Debug|Any CPU
		{867FDE4F-2273-4B2E-8EBD-D0EDC9411804}.Release|Any CPU.ActiveCfg = Release|Any CPU
		{867FDE4F-2273-4B2E-8EBD-D0EDC9411804}.Release|Any CPU.Build.0 = Release|Any CPU
	EndGlobalSection
	GlobalSection(SolutionProperties) = preSolution
		HideSolutionNode = FALSE
	EndGlobalSection
	GlobalSection(ExtensibilityGlobals) = postSolution
		SolutionGuid = {1CFC48AB-5292-47FF-8466-E4B2F07AFE0B}
	EndGlobalSection
EndGlobal
